
Microsoft Visual Studio Solution File, Format Version 12.00
# Visual Studio Version 16
VisualStudioVersion = 16.0.30225.117
MinimumVisualStudioVersion = 10.0.40219.1
Project("{FAE04EC0-301F-11D3-BF4B-00C04F79EFBC}") = "RuletaAPI", "RuletaAPI\RuletaAPI.csproj", "{74D3A9A3-854D-4AC6-A07E-717C2E97B171}"
EndProject
Project("{FAE04EC0-301F-11D3-BF4B-00C04F79EFBC}") = "RuletaAPI.DataAccess", "RuletaAPI.DataAccess\RuletaAPI.DataAccess.csproj", "{AE9E6677-3113-4044-A466-76AC828EDFA3}"
EndProject
Project("{FAE04EC0-301F-11D3-BF4B-00C04F79EFBC}") = "RuletaAPI.Model", "RuletaAPI.Model\RuletaAPI.Model.csproj", "{86D6D922-7DDC-41D8-B726-449D42A10143}"
EndProject
Project("{FAE04EC0-301F-11D3-BF4B-00C04F79EFBC}") = "RuletaAPI.Bussines", "RuletaAPI.Bussines\RuletaAPI.Bussines.csproj", "{EB7BBA0D-A55E-428C-966E-9384673D1113}"
EndProject
Project("{FAE04EC0-301F-11D3-BF4B-00C04F79EFBC}") = "RuletaAPI.Management", "RuletaAPI.Management\RuletaAPI.Management.csproj", "{5734F3F3-C4F8-4266-B3ED-2AE4784632EE}"
EndProject
Global
	GlobalSection(SolutionConfigurationPlatforms) = preSolution
		Debug|Any CPU = Debug|Any CPU
		Release|Any CPU = Release|Any CPU
	EndGlobalSection
	GlobalSection(ProjectConfigurationPlatforms) = postSolution
		{74D3A9A3-854D-4AC6-A07E-717C2E97B171}.Debug|Any CPU.ActiveCfg = Debug|Any CPU
		{74D3A9A3-854D-4AC6-A07E-717C2E97B171}.Debug|Any CPU.Build.0 = Debug|Any CPU
		{74D3A9A3-854D-4AC6-A07E-717C2E97B171}.Release|Any CPU.ActiveCfg = Release|Any CPU
		{74D3A9A3-854D-4AC6-A07E-717C2E97B171}.Release|Any CPU.Build.0 = Release|Any CPU
		{AE9E6677-3113-4044-A466-76AC828EDFA3}.Debug|Any CPU.ActiveCfg = Debug|Any CPU
		{AE9E6677-3113-4044-A466-76AC828EDFA3}.Debug|Any CPU.Build.0 = Debug|Any CPU
		{AE9E6677-3113-4044-A466-76AC828EDFA3}.Release|Any CPU.ActiveCfg = Release|Any CPU
		{AE9E6677-3113-4044-A466-76AC828EDFA3}.Release|Any CPU.Build.0 = Release|Any CPU
		{86D6D922-7DDC-41D8-B726-449D42A10143}.Debug|Any CPU.ActiveCfg = Debug|Any CPU
		{86D6D922-7DDC-41D8-B726-449D42A10143}.Debug|Any CPU.Build.0 = Debug|Any CPU
		{86D6D922-7DDC-41D8-B726-449D42A10143}.Release|Any CPU.ActiveCfg = Release|Any CPU
		{86D6D922-7DDC-41D8-B726-449D42A10143}.Release|Any CPU.Build.0 = Release|Any CPU
		{EB7BBA0D-A55E-428C-966E-9384673D1113}.Debug|Any CPU.ActiveCfg = Debug|Any CPU
		{EB7BBA0D-A55E-428C-966E-9384673D1113}.Debug|Any CPU.Build.0 = Debug|Any CPU
		{EB7BBA0D-A55E-428C-966E-9384673D1113}.Release|Any CPU.ActiveCfg = Release|Any CPU
		{EB7BBA0D-A55E-428C-966E-9384673D1113}.Release|Any CPU.Build.0 = Release|Any CPU
		{5734F3F3-C4F8-4266-B3ED-2AE4784632EE}.Debug|Any CPU.ActiveCfg = Debug|Any CPU
		{5734F3F3-C4F8-4266-B3ED-2AE4784632EE}.Debug|Any CPU.Build.0 = Debug|Any CPU
		{5734F3F3-C4F8-4266-B3ED-2AE4784632EE}.Release|Any CPU.ActiveCfg = Release|Any CPU
		{5734F3F3-C4F8-4266-B3ED-2AE4784632EE}.Release|Any CPU.Build.0 = Release|Any CPU
	EndGlobalSection
	GlobalSection(SolutionProperties) = preSolution
		HideSolutionNode = FALSE
	EndGlobalSection
	GlobalSection(ExtensibilityGlobals) = postSolution
		SolutionGuid = {CED172D2-ECD8-485E-9FB5-EFD56485C795}
	EndGlobalSection
EndGlobal
